
Microsoft Visual Studio Solution File, Format Version 12.00
# Visual Studio Version 17
VisualStudioVersion = 17.14.36301.6 d17.14
MinimumVisualStudioVersion = 10.0.40219.1
Project("{FAE04EC0-301F-11D3-BF4B-00C04F79EFBC}") = "MultithreadedFactorialCalculator", "MultithreadedFactorialCalculator\MultithreadedFactorialCalculator.csproj", "{9DC8140E-A587-494A-97E6-84FAB95C8084}"
EndProject
Global
	GlobalSection(SolutionConfigurationPlatforms) = preSolution
		Debug|Any CPU = Debug|Any CPU
		Release|Any CPU = Release|Any CPU
	EndGlobalSection
	GlobalSection(ProjectConfigurationPlatforms) = postSolution
		{9DC8140E-A587-494A-97E6-84FAB95C8084}.Debug|Any CPU.ActiveCfg = Debug|Any CPU
		{9DC8140E-A587-494A-97E6-84FAB95C8084}.Debug|Any CPU.Build.0 = Debug|Any CPU
		{9DC8140E-A587-494A-97E6-84FAB95C8084}.Release|Any CPU.ActiveCfg = Release|Any CPU
		{9DC8140E-A587-494A-97E6-84FAB95C8084}.Release|Any CPU.Build.0 = Release|Any CPU
	EndGlobalSection
	GlobalSection(SolutionProperties) = preSolution
		HideSolutionNode = FALSE
	EndGlobalSection
	GlobalSection(ExtensibilityGlobals) = postSolution
		SolutionGuid = {4DC2BEBB-F6ED-418E-AEA0-C21BFE437624}
	EndGlobalSection
EndGlobal
